
Microsoft Visual Studio Solution File, Format Version 12.00
# Visual Studio 14
VisualStudioVersion = 14.0.25420.1
MinimumVisualStudioVersion = 10.0.40219.1
Project("{8BC9CEB8-8B4A-11D0-8D11-00A0C91BC942}") = " RSA", " RSA.vcxproj", "{1BF0F25A-F813-49A2-A5DA-6DE5139C3ACA}"
EndProject
Project("{2150E333-8FDC-42A3-9474-1A3956D46DE8}") = "Solution Items", "Solution Items", "{09D5A699-7591-4B7B-9A70-9439CA981978}"
EndProject
Global
	GlobalSection(Performance) = preSolution
		HasPerformanceSessions = true
	EndGlobalSection
	GlobalSection(SolutionConfigurationPlatforms) = preSolution
		Debug|x64 = Debug|x64
		Debug|x86 = Debug|x86
		Release|x64 = Release|x64
		Release|x86 = Release|x86
	EndGlobalSection
	GlobalSection(ProjectConfigurationPlatforms) = postSolution
		{1BF0F25A-F813-49A2-A5DA-6DE5139C3ACA}.Debug|x64.ActiveCfg = Debug|x64
		{1BF0F25A-F813-49A2-A5DA-6DE5139C3ACA}.Debug|x64.Build.0 = Debug|x64
		{1BF0F25A-F813-49A2-A5DA-6DE5139C3ACA}.Debug|x86.ActiveCfg = Debug|Win32
		{1BF0F25A-F813-49A2-A5DA-6DE5139C3ACA}.Debug|x86.Build.0 = Debug|Win32
		{1BF0F25A-F813-49A2-A5DA-6DE5139C3ACA}.Release|x64.ActiveCfg = Release|x64
		{1BF0F25A-F813-49A2-A5DA-6DE5139C3ACA}.Release|x64.Build.0 = Release|x64
		{1BF0F25A-F813-49A2-A5DA-6DE5139C3ACA}.Release|x86.ActiveCfg = Release|Win32
		{1BF0F25A-F813-49A2-A5DA-6DE5139C3ACA}.Release|x86.Build.0 = Release|Win32
	EndGlobalSection
	GlobalSection(SolutionProperties) = preSolution
		HideSolutionNode = FALSE
	EndGlobalSection
EndGlobal
